
Microsoft Visual Studio Solution File, Format Version 12.00
Project("{FAE04EC0-301F-11D3-BF4B-00C04F79EFBC}") = "Catalog.API", "Services\Catalog\Catalog.API\Catalog.API.csproj", "{B288002F-7C70-445A-99D6-3151A1AE1972}"
EndProject
Project("{FAE04EC0-301F-11D3-BF4B-00C04F79EFBC}") = "Catalog.UnitTests", "Services\Catalog\Catalog.UnitTests\Catalog.UnitTests.csproj", "{EDD32924-CAA5-4476-B3F6-99D76ED7B8C9}"
EndProject
Project("{FAE04EC0-301F-11D3-BF4B-00C04F79EFBC}") = "Catalog.Contracts", "Services\Catalog\Catalog.Contracts\Catalog.Contracts.csproj", "{B222615E-3F30-4FBD-9023-287D47F0E25E}"
EndProject
Project("{FAE04EC0-301F-11D3-BF4B-00C04F79EFBC}") = "Basket.API", "Services\Basket\Basket.API\Basket.API.csproj", "{46413365-19B4-441E-855E-E93A2CE5C403}"
EndProject
Project("{FAE04EC0-301F-11D3-BF4B-00C04F79EFBC}") = "Basket.UnitTests", "Services\Basket\Basket.UnitTests\Basket.UnitTests.csproj", "{0FBC25F7-930E-45FB-B447-B894ECC67493}"
EndProject
Global
	GlobalSection(SolutionConfigurationPlatforms) = preSolution
		Debug|Any CPU = Debug|Any CPU
		Release|Any CPU = Release|Any CPU
	EndGlobalSection
	GlobalSection(ProjectConfigurationPlatforms) = postSolution
		{B288002F-7C70-445A-99D6-3151A1AE1972}.Debug|Any CPU.ActiveCfg = Debug|Any CPU
		{B288002F-7C70-445A-99D6-3151A1AE1972}.Debug|Any CPU.Build.0 = Debug|Any CPU
		{B288002F-7C70-445A-99D6-3151A1AE1972}.Release|Any CPU.ActiveCfg = Release|Any CPU
		{B288002F-7C70-445A-99D6-3151A1AE1972}.Release|Any CPU.Build.0 = Release|Any CPU
		{EDD32924-CAA5-4476-B3F6-99D76ED7B8C9}.Debug|Any CPU.ActiveCfg = Debug|Any CPU
		{EDD32924-CAA5-4476-B3F6-99D76ED7B8C9}.Debug|Any CPU.Build.0 = Debug|Any CPU
		{EDD32924-CAA5-4476-B3F6-99D76ED7B8C9}.Release|Any CPU.ActiveCfg = Release|Any CPU
		{EDD32924-CAA5-4476-B3F6-99D76ED7B8C9}.Release|Any CPU.Build.0 = Release|Any CPU
		{B222615E-3F30-4FBD-9023-287D47F0E25E}.Debug|Any CPU.ActiveCfg = Debug|Any CPU
		{B222615E-3F30-4FBD-9023-287D47F0E25E}.Debug|Any CPU.Build.0 = Debug|Any CPU
		{B222615E-3F30-4FBD-9023-287D47F0E25E}.Release|Any CPU.ActiveCfg = Release|Any CPU
		{B222615E-3F30-4FBD-9023-287D47F0E25E}.Release|Any CPU.Build.0 = Release|Any CPU
		{46413365-19B4-441E-855E-E93A2CE5C403}.Debug|Any CPU.ActiveCfg = Debug|Any CPU
		{46413365-19B4-441E-855E-E93A2CE5C403}.Debug|Any CPU.Build.0 = Debug|Any CPU
		{46413365-19B4-441E-855E-E93A2CE5C403}.Release|Any CPU.ActiveCfg = Release|Any CPU
		{46413365-19B4-441E-855E-E93A2CE5C403}.Release|Any CPU.Build.0 = Release|Any CPU
		{0FBC25F7-930E-45FB-B447-B894ECC67493}.Debug|Any CPU.ActiveCfg = Debug|Any CPU
		{0FBC25F7-930E-45FB-B447-B894ECC67493}.Debug|Any CPU.Build.0 = Debug|Any CPU
		{0FBC25F7-930E-45FB-B447-B894ECC67493}.Release|Any CPU.ActiveCfg = Release|Any CPU
		{0FBC25F7-930E-45FB-B447-B894ECC67493}.Release|Any CPU.Build.0 = Release|Any CPU
	EndGlobalSection
EndGlobal
